{
  "name": "Desenvolvimento_HTML",
  "lockfileVersion": 2,
  "requires": true,
  "packages": {
    "": {
      "dependencies": {
        "pipwerks-scorm-api-wrapper": "^0.1.2"
      }
    },
    "node_modules/pipwerks-scorm-api-wrapper": {
      "version": "0.1.2",
      "resolved": "https://registry.npmjs.org/pipwerks-scorm-api-wrapper/-/pipwerks-scorm-api-wrapper-0.1.2.tgz",
      "integrity": "sha512-25T7MzC4oPMh1324TkogILXw+W7qkyLeeKfBF0lguQEDd1q8gVd6+YAqlboEDDoLArt57F540QLEcW9SpM8xyw==",
      "dependencies": {
        "scorm-api-wrapper": "git+https://github.com/pipwerks/scorm-api-wrapper.git"
      }
    },
    "node_modules/scorm-api-wrapper": {
      "version": "1.1.20160322",
      "resolved": "git+ssh://git@github.com/pipwerks/scorm-api-wrapper.git#82e455b4032ee08febf64d2fa2bf1aacaebaa446",
      "license": "MIT-style license: http://pipwerks.mit-license.org/"
    }
  },
  "dependencies": {
    "pipwerks-scorm-api-wrapper": {
      "version": "0.1.2",
      "resolved": "https://registry.npmjs.org/pipwerks-scorm-api-wrapper/-/pipwerks-scorm-api-wrapper-0.1.2.tgz",
      "integrity": "sha512-25T7MzC4oPMh1324TkogILXw+W7qkyLeeKfBF0lguQEDd1q8gVd6+YAqlboEDDoLArt57F540QLEcW9SpM8xyw==",
      "requires": {
        "scorm-api-wrapper": "git+https://github.com/pipwerks/scorm-api-wrapper.git"
      }
    },
    "scorm-api-wrapper": {
      "version": "git+ssh://git@github.com/pipwerks/scorm-api-wrapper.git#82e455b4032ee08febf64d2fa2bf1aacaebaa446",
      "from": "scorm-api-wrapper@git+https://github.com/pipwerks/scorm-api-wrapper.git"
    }
  }
}
